{
  "object": {
    "pins": [
      {
        "package": "CombineExpectations",
        "repositoryURL": "https://github.com/groue/CombineExpectations.git",
        "state": {
          "branch": null,
          "revision": "3250715d3f1b12754c84e7952c7bbb716f4a4dc4",
          "version": "0.4.0"
        }
      },
      {
        "package": "GRDB",
        "repositoryURL": "https://github.com/groue/GRDB.swift",
        "state": {
          "branch": "GRDB5",
          "revision": "a4bda6da9631d1fb9162e905fc5057e48c0136a2",
          "version": null
        }
      }
    ]
  },
  "version": 1
}
