{
  "object": {
    "pins": [
      {
        "package": "CSQLite",
        "repositoryURL": "https://github.com/groue/CSQLite.git",
        "state": {
          "branch": null,
          "revision": "3a405d0ebd8bf07d4c41a8b05a203e4d03415b5b",
          "version": "0.3.0"
        }
      },
      {
        "package": "GRDB",
        "repositoryURL": "https://github.com/groue/GRDB.swift",
        "state": {
          "branch": null,
          "revision": "d290102d9cb5c425fee7260034beaa997d581d86",
          "version": "4.1.1"
        }
      },
      {
        "package": "GRDBCombine",
        "repositoryURL": "https://github.com/groue/GRDBCombine",
        "state": {
          "branch": "master",
          "revision": "9b6b7c7c5c6037665842ca3e0d59480f58b659c7",
          "version": null
        }
      }
    ]
  },
  "version": 1
}
