{
  "object": {
    "pins": [
      {
        "package": "CombineExpectations",
        "repositoryURL": "https://github.com/groue/CombineExpectations.git",
        "state": {
          "branch": null,
          "revision": "3250715d3f1b12754c84e7952c7bbb716f4a4dc4",
          "version": "0.4.0"
        }
      },
      {
        "package": "GRDB",
        "repositoryURL": "https://github.com/groue/GRDB.swift",
        "state": {
          "branch": null,
          "revision": "4c8574aa4c08ff715ce0e63b38502ac1e8529069",
          "version": "4.10.0"
        }
      }
    ]
  },
  "version": 1
}
